
Microsoft Visual Studio Solution File, Format Version 12.00
# Visual Studio Version 17
VisualStudioVersion = 17.11.35431.28
MinimumVisualStudioVersion = 10.0.40219.1
Project("{FAE04EC0-301F-11D3-BF4B-00C04F79EFBC}") = "TicTacToeWebApp", "TicTacToeWebApp\TicTacToeWebApp.csproj", "{2DBF999D-8DD9-4684-B2CB-CE1463E8C92E}"
EndProject
Global
	GlobalSection(SolutionConfigurationPlatforms) = preSolution
		Debug|Any CPU = Debug|Any CPU
		Release|Any CPU = Release|Any CPU
	EndGlobalSection
	GlobalSection(ProjectConfigurationPlatforms) = postSolution
		{2DBF999D-8DD9-4684-B2CB-CE1463E8C92E}.Debug|Any CPU.ActiveCfg = Debug|Any CPU
		{2DBF999D-8DD9-4684-B2CB-CE1463E8C92E}.Debug|Any CPU.Build.0 = Debug|Any CPU
		{2DBF999D-8DD9-4684-B2CB-CE1463E8C92E}.Release|Any CPU.ActiveCfg = Release|Any CPU
		{2DBF999D-8DD9-4684-B2CB-CE1463E8C92E}.Release|Any CPU.Build.0 = Release|Any CPU
	EndGlobalSection
	GlobalSection(SolutionProperties) = preSolution
		HideSolutionNode = FALSE
	EndGlobalSection
	GlobalSection(ExtensibilityGlobals) = postSolution
		SolutionGuid = {D7776278-FD0E-405F-9F31-E1CE77748679}
	EndGlobalSection
EndGlobal
